<?xml version="1.0" encoding="utf-8"?>
<Project ToolsVersion="14.0" xmlns="http://schemas.microsoft.com/developer/msbuild/2003">
  <ItemGroup>
    <CustomBuild Include="C:\_karus\coding\c++\shooting_range\CMakeLists.txt" />
  </ItemGroup>
  <ItemGroup>
    <None Include="C:\_karus\coding\c++\shooting_range\bin\CoreData" />
    <None Include="C:\_karus\coding\c++\shooting_range\bin\Data" />
  </ItemGroup>
  <ItemGroup>
    <Filter Include="Source Files">
      <UniqueIdentifier>{EAEEB4D3-C0C8-3AE4-92AC-9FDFEACC8FA5}</UniqueIdentifier>
    </Filter>
    <Filter Include="Header Files">
      <UniqueIdentifier>{0109ba21-5cb7-41c9-b297-657c58faae74}</UniqueIdentifier>
    </Filter>
  </ItemGroup>
  <ItemGroup>
    <ClCompile Include="Character.cpp">
      <Filter>Source Files</Filter>
    </ClCompile>
    <ClCompile Include="ShootingRange.cpp">
      <Filter>Source Files</Filter>
    </ClCompile>
    <ClCompile Include="Weapon.cpp">
      <Filter>Source Files</Filter>
    </ClCompile>
    <ClCompile Include="Target.cpp">
      <Filter>Source Files</Filter>
    </ClCompile>
    <ClCompile Include="TargetController.cpp">
      <Filter>Source Files</Filter>
    </ClCompile>
    <ClCompile Include="HumanTargetController.cpp">
      <Filter>Source Files</Filter>
    </ClCompile>
    <ClCompile Include="Destroy.cpp">
      <Filter>Source Files</Filter>
    </ClCompile>
  </ItemGroup>
  <ItemGroup>
    <ClInclude Include="Character.h">
      <Filter>Header Files</Filter>
    </ClInclude>
    <ClInclude Include="ShootingRange.h">
      <Filter>Header Files</Filter>
    </ClInclude>
    <ClInclude Include="Weapon.h">
      <Filter>Header Files</Filter>
    </ClInclude>
    <ClInclude Include="Global.h">
      <Filter>Header Files</Filter>
    </ClInclude>
    <ClInclude Include="Target.h">
      <Filter>Header Files</Filter>
    </ClInclude>
    <ClInclude Include="TargetController.h">
      <Filter>Header Files</Filter>
    </ClInclude>
    <ClInclude Include="HumanTargetController.h">
      <Filter>Header Files</Filter>
    </ClInclude>
    <ClInclude Include="Destroy.h">
      <Filter>Header Files</Filter>
    </ClInclude>
  </ItemGroup>
</Project>